
Microsoft Visual Studio Solution File, Format Version 12.00
# Visual Studio 15
VisualStudioVersion = 15.0.27130.2020
MinimumVisualStudioVersion = 10.0.40219.1
Project("{FAE04EC0-301F-11D3-BF4B-00C04F79EFBC}") = "TestJIRA", "TestJIRA\TestJIRA.csproj", "{89C103F9-1C45-406C-A766-445EADDEDD42}"
EndProject
Project("{FAE04EC0-301F-11D3-BF4B-00C04F79EFBC}") = "AppManagement", "AppManagement\AppManagement.csproj", "{9B557EF4-5DD6-410B-8BA6-86AB05545DD7}"
EndProject
Global
	GlobalSection(SolutionConfigurationPlatforms) = preSolution
		Debug|Any CPU = Debug|Any CPU
		Release|Any CPU = Release|Any CPU
	EndGlobalSection
	GlobalSection(ProjectConfigurationPlatforms) = postSolution
		{89C103F9-1C45-406C-A766-445EADDEDD42}.Debug|Any CPU.ActiveCfg = Debug|Any CPU
		{89C103F9-1C45-406C-A766-445EADDEDD42}.Debug|Any CPU.Build.0 = Debug|Any CPU
		{89C103F9-1C45-406C-A766-445EADDEDD42}.Release|Any CPU.ActiveCfg = Release|Any CPU
		{89C103F9-1C45-406C-A766-445EADDEDD42}.Release|Any CPU.Build.0 = Release|Any CPU
		{9B557EF4-5DD6-410B-8BA6-86AB05545DD7}.Debug|Any CPU.ActiveCfg = Debug|Any CPU
		{9B557EF4-5DD6-410B-8BA6-86AB05545DD7}.Debug|Any CPU.Build.0 = Debug|Any CPU
		{9B557EF4-5DD6-410B-8BA6-86AB05545DD7}.Release|Any CPU.ActiveCfg = Release|Any CPU
		{9B557EF4-5DD6-410B-8BA6-86AB05545DD7}.Release|Any CPU.Build.0 = Release|Any CPU
	EndGlobalSection
	GlobalSection(SolutionProperties) = preSolution
		HideSolutionNode = FALSE
	EndGlobalSection
	GlobalSection(ExtensibilityGlobals) = postSolution
		SolutionGuid = {13C03391-1093-477E-87EC-341BEFD56437}
	EndGlobalSection
EndGlobal
